
Microsoft Visual Studio Solution File, Format Version 12.00
# Visual Studio Version 16
VisualStudioVersion = 16.0.29926.136
MinimumVisualStudioVersion = 10.0.40219.1
Project("{FAE04EC0-301F-11D3-BF4B-00C04F79EFBC}") = "FanQer", "FanQer\FanQer.csproj", "{A2DD787F-3CAB-4BE4-B12E-61C7B8BD97FC}"
EndProject
Global
	GlobalSection(SolutionConfigurationPlatforms) = preSolution
		Debug|Any CPU = Debug|Any CPU
		Release|Any CPU = Release|Any CPU
	EndGlobalSection
	GlobalSection(ProjectConfigurationPlatforms) = postSolution
		{A2DD787F-3CAB-4BE4-B12E-61C7B8BD97FC}.Debug|Any CPU.ActiveCfg = Debug|Any CPU
		{A2DD787F-3CAB-4BE4-B12E-61C7B8BD97FC}.Debug|Any CPU.Build.0 = Debug|Any CPU
		{A2DD787F-3CAB-4BE4-B12E-61C7B8BD97FC}.Release|Any CPU.ActiveCfg = Release|Any CPU
		{A2DD787F-3CAB-4BE4-B12E-61C7B8BD97FC}.Release|Any CPU.Build.0 = Release|Any CPU
	EndGlobalSection
	GlobalSection(SolutionProperties) = preSolution
		HideSolutionNode = FALSE
	EndGlobalSection
	GlobalSection(ExtensibilityGlobals) = postSolution
		SolutionGuid = {C2934687-AA7C-4A38-B911-4BCA01D2BC00}
	EndGlobalSection
EndGlobal
